
Microsoft Visual Studio Solution File, Format Version 12.00
# Visual Studio Version 16
VisualStudioVersion = 16.0.30709.132
MinimumVisualStudioVersion = 10.0.40219.1
Project("{FAE04EC0-301F-11D3-BF4B-00C04F79EFBC}") = "miniAccounts", "miniAccounts.csproj", "{CC67634D-A35B-4600-B716-14D5E7E48DBF}"
EndProject
Global
	GlobalSection(SolutionConfigurationPlatforms) = preSolution
		Debug|Any CPU = Debug|Any CPU
		Release|Any CPU = Release|Any CPU
	EndGlobalSection
	GlobalSection(ProjectConfigurationPlatforms) = postSolution
		{CC67634D-A35B-4600-B716-14D5E7E48DBF}.Debug|Any CPU.ActiveCfg = Debug|Any CPU
		{CC67634D-A35B-4600-B716-14D5E7E48DBF}.Debug|Any CPU.Build.0 = Debug|Any CPU
		{CC67634D-A35B-4600-B716-14D5E7E48DBF}.Release|Any CPU.ActiveCfg = Release|Any CPU
		{CC67634D-A35B-4600-B716-14D5E7E48DBF}.Release|Any CPU.Build.0 = Release|Any CPU
	EndGlobalSection
	GlobalSection(SolutionProperties) = preSolution
		HideSolutionNode = FALSE
	EndGlobalSection
	GlobalSection(ExtensibilityGlobals) = postSolution
		SolutionGuid = {F6DA867E-8981-4FDA-A2C7-543C9CAC526F}
	EndGlobalSection
EndGlobal
